
Microsoft Visual Studio Solution File, Format Version 12.00
# Visual Studio 15
Project("{FAE04EC0-301F-11D3-BF4B-00C04F79EFBC}") = "Scripts", "Scripts.csproj", "{8AE69355-7B4A-63DF-BBF8-504F1531A581}"
EndProject
Project("{FAE04EC0-301F-11D3-BF4B-00C04F79EFBC}") = "Editor", "Editor.csproj", "{6B984E79-1B57-6356-032E-2AB01A62D225}"
EndProject
Global
	GlobalSection(SolutionConfigurationPlatforms) = preSolution
		Debug|Any CPU = Debug|Any CPU
		Release|Any CPU = Release|Any CPU
	EndGlobalSection
	GlobalSection(ProjectConfigurationPlatforms) = postSolution
		{8AE69355-7B4A-63DF-BBF8-504F1531A581}.Debug|Any CPU.ActiveCfg = Debug|Any CPU
		{8AE69355-7B4A-63DF-BBF8-504F1531A581}.Debug|Any CPU.Build.0 = Debug|Any CPU
		{8AE69355-7B4A-63DF-BBF8-504F1531A581}.Release|Any CPU.ActiveCfg = Release|Any CPU
		{8AE69355-7B4A-63DF-BBF8-504F1531A581}.Release|Any CPU.Build.0 = Release|Any CPU
		{6B984E79-1B57-6356-032E-2AB01A62D225}.Debug|Any CPU.ActiveCfg = Debug|Any CPU
		{6B984E79-1B57-6356-032E-2AB01A62D225}.Debug|Any CPU.Build.0 = Debug|Any CPU
		{6B984E79-1B57-6356-032E-2AB01A62D225}.Release|Any CPU.ActiveCfg = Release|Any CPU
		{6B984E79-1B57-6356-032E-2AB01A62D225}.Release|Any CPU.Build.0 = Release|Any CPU
	EndGlobalSection
	GlobalSection(SolutionProperties) = preSolution
		HideSolutionNode = FALSE
	EndGlobalSection
EndGlobal
